
Microsoft Visual Studio Solution File, Format Version 12.00
# Visual Studio Version 17
VisualStudioVersion = 17.12.35707.178 d17.12
MinimumVisualStudioVersion = 10.0.40219.1
Project("{FAE04EC0-301F-11D3-BF4B-00C04F79EFBC}") = "TireApi", "TireApi.csproj", "{E2916A55-1E59-4907-B243-5942BC04EE95}"
EndProject
Global
	GlobalSection(SolutionConfigurationPlatforms) = preSolution
		Debug|Any CPU = Debug|Any CPU
		Release|Any CPU = Release|Any CPU
	EndGlobalSection
	GlobalSection(ProjectConfigurationPlatforms) = postSolution
		{E2916A55-1E59-4907-B243-5942BC04EE95}.Debug|Any CPU.ActiveCfg = Debug|Any CPU
		{E2916A55-1E59-4907-B243-5942BC04EE95}.Debug|Any CPU.Build.0 = Debug|Any CPU
		{E2916A55-1E59-4907-B243-5942BC04EE95}.Release|Any CPU.ActiveCfg = Release|Any CPU
		{E2916A55-1E59-4907-B243-5942BC04EE95}.Release|Any CPU.Build.0 = Release|Any CPU
	EndGlobalSection
	GlobalSection(SolutionProperties) = preSolution
		HideSolutionNode = FALSE
	EndGlobalSection
EndGlobal
